// !$*UTF8*$!
{
	archiveVersion = 1;
	classes = {
	};
	objectVersion = 46;
	objects = {

/* Begin PBXBuildFile section */
		7EA2327519423293BB595EC4 /* libPods-Exc001.a in Frameworks */ = {isa = PBXBuildFile; fileRef = 25E7C723EF8861A452A68813 /* libPods-Exc001.a */; };
		E3034A1F1CBE3F7100FEEF3D /* Controller002.m in Sources */ = {isa = PBXBuildFile; fileRef = E3034A1E1CBE3F7100FEEF3D /* Controller002.m */; };
		E3034A221CBE417900FEEF3D /* Vc002CollectionCell.m in Sources */ = {isa = PBXBuildFile; fileRef = E3034A211CBE417900FEEF3D /* Vc002CollectionCell.m */; };
		E3054D521CACBD1800A90576 /* MyPhotosController.m in Sources */ = {isa = PBXBuildFile; fileRef = E3054D511CACBD1800A90576 /* MyPhotosController.m */; };
		E326C44B1C7D7AB40022CB11 /* CoreLocation.framework in Frameworks */ = {isa = PBXBuildFile; fileRef = E326C44A1C7D7AB40022CB11 /* CoreLocation.framework */; };
		E336B7B61C8D636D00C9DCCF /* abc in Resources */ = {isa = PBXBuildFile; fileRef = E336B7B51C8D636D00C9DCCF /* abc */; };
		E336B7B91C8EE03600C9DCCF /* WebController.m in Sources */ = {isa = PBXBuildFile; fileRef = E336B7B81C8EE03600C9DCCF /* WebController.m */; };
		E362C3E61C9971E90032274B /* Controller001.m in Sources */ = {isa = PBXBuildFile; fileRef = E362C3E51C9971E90032274B /* Controller001.m */; };
		E366CE2E1CDC893D009220F1 /* RSAManager.m in Sources */ = {isa = PBXBuildFile; fileRef = E366CE2D1CDC893D009220F1 /* RSAManager.m */; };
		E36E5B6B1CBF6A9D00572BFF /* LoadingView.m in Sources */ = {isa = PBXBuildFile; fileRef = E36E5B6A1CBF6A9D00572BFF /* LoadingView.m */; };
		E3B06EDB1C2D3A87002CDE9B /* libZP_Base.a in Frameworks */ = {isa = PBXBuildFile; fileRef = E3B06EDA1C2D3A87002CDE9B /* libZP_Base.a */; };
		E3BE18691CD87D030093EBC9 /* Script.sh in Resources */ = {isa = PBXBuildFile; fileRef = E3BE18681CD87D030093EBC9 /* Script.sh */; };
		E3C254271C2A93BA0041530B /* main.m in Sources */ = {isa = PBXBuildFile; fileRef = E3C254261C2A93BA0041530B /* main.m */; };
		E3C2542A1C2A93BA0041530B /* AppDelegate.m in Sources */ = {isa = PBXBuildFile; fileRef = E3C254291C2A93BA0041530B /* AppDelegate.m */; };
		E3C2542D1C2A93BA0041530B /* ViewController.m in Sources */ = {isa = PBXBuildFile; fileRef = E3C2542C1C2A93BA0041530B /* ViewController.m */; };
		E3C254301C2A93BA0041530B /* Main.storyboard in Resources */ = {isa = PBXBuildFile; fileRef = E3C2542E1C2A93BA0041530B /* Main.storyboard */; };
		E3C254321C2A93BA0041530B /* Assets.xcassets in Resources */ = {isa = PBXBuildFile; fileRef = E3C254311C2A93BA0041530B /* Assets.xcassets */; };
		E3C254351C2A93BA0041530B /* LaunchScreen.storyboard in Resources */ = {isa = PBXBuildFile; fileRef = E3C254331C2A93BA0041530B /* LaunchScreen.storyboard */; };
/* End PBXBuildFile section */

/* Begin PBXFileReference section */
		05D7463F666C01112BCCA628 /* Pods-Exc001.debug.xcconfig */ = {isa = PBXFileReference; includeInIndex = 1; lastKnownFileType = text.xcconfig; name = "Pods-Exc001.debug.xcconfig"; path = "../Pods/Target Support Files/Pods-Exc001/Pods-Exc001.debug.xcconfig"; sourceTree = "<group>"; };
		25E7C723EF8861A452A68813 /* libPods-Exc001.a */ = {isa = PBXFileReference; explicitFileType = archive.ar; includeInIndex = 0; path = "libPods-Exc001.a"; sourceTree = BUILT_PRODUCTS_DIR; };
		47CB69231E6AA890030F1AAA /* Pods-Exc001.release.xcconfig */ = {isa = PBXFileReference; includeInIndex = 1; lastKnownFileType = text.xcconfig; name = "Pods-Exc001.release.xcconfig"; path = "../Pods/Target Support Files/Pods-Exc001/Pods-Exc001.release.xcconfig"; sourceTree = "<group>"; };
		E3034A1D1CBE3F7100FEEF3D /* Controller002.h */ = {isa = PBXFileReference; fileEncoding = 4; lastKnownFileType = sourcecode.c.h; path = Controller002.h; sourceTree = "<group>"; };
		E3034A1E1CBE3F7100FEEF3D /* Controller002.m */ = {isa = PBXFileReference; fileEncoding = 4; lastKnownFileType = sourcecode.c.objc; path = Controller002.m; sourceTree = "<group>"; };
		E3034A201CBE417900FEEF3D /* Vc002CollectionCell.h */ = {isa = PBXFileReference; fileEncoding = 4; lastKnownFileType = sourcecode.c.h; path = Vc002CollectionCell.h; sourceTree = "<group>"; };
		E3034A211CBE417900FEEF3D /* Vc002CollectionCell.m */ = {isa = PBXFileReference; fileEncoding = 4; lastKnownFileType = sourcecode.c.objc; path = Vc002CollectionCell.m; sourceTree = "<group>"; };
		E3054D501CACBD1800A90576 /* MyPhotosController.h */ = {isa = PBXFileReference; fileEncoding = 4; lastKnownFileType = sourcecode.c.h; path = MyPhotosController.h; sourceTree = "<group>"; };
		E3054D511CACBD1800A90576 /* MyPhotosController.m */ = {isa = PBXFileReference; fileEncoding = 4; lastKnownFileType = sourcecode.c.objc; path = MyPhotosController.m; sourceTree = "<group>"; };
		E326C44A1C7D7AB40022CB11 /* CoreLocation.framework */ = {isa = PBXFileReference; lastKnownFileType = wrapper.framework; name = CoreLocation.framework; path = System/Library/Frameworks/CoreLocation.framework; sourceTree = SDKROOT; };
		E336B7B51C8D636D00C9DCCF /* abc */ = {isa = PBXFileReference; lastKnownFileType = folder; path = abc; sourceTree = "<group>"; };
		E336B7B71C8EE03600C9DCCF /* WebController.h */ = {isa = PBXFileReference; fileEncoding = 4; lastKnownFileType = sourcecode.c.h; path = WebController.h; sourceTree = "<group>"; };
		E336B7B81C8EE03600C9DCCF /* WebController.m */ = {isa = PBXFileReference; fileEncoding = 4; lastKnownFileType = sourcecode.c.objc; path = WebController.m; sourceTree = "<group>"; };
		E34C76F11C4F8B9800CB6988 /* PrefixHeader.pch */ = {isa = PBXFileReference; fileEncoding = 4; lastKnownFileType = sourcecode.c.h; path = PrefixHeader.pch; sourceTree = "<group>"; };
		E362C3E41C9971E90032274B /* Controller001.h */ = {isa = PBXFileReference; fileEncoding = 4; lastKnownFileType = sourcecode.c.h; path = Controller001.h; sourceTree = "<group>"; };
		E362C3E51C9971E90032274B /* Controller001.m */ = {isa = PBXFileReference; fileEncoding = 4; lastKnownFileType = sourcecode.c.objc; path = Controller001.m; sourceTree = "<group>"; };
		E366CE2C1CDC893D009220F1 /* RSAManager.h */ = {isa = PBXFileReference; fileEncoding = 4; lastKnownFileType = sourcecode.c.h; path = RSAManager.h; sourceTree = "<group>"; };
		E366CE2D1CDC893D009220F1 /* RSAManager.m */ = {isa = PBXFileReference; fileEncoding = 4; lastKnownFileType = sourcecode.c.objc; path = RSAManager.m; sourceTree = "<group>"; };
		E36E5B691CBF6A9D00572BFF /* LoadingView.h */ = {isa = PBXFileReference; fileEncoding = 4; lastKnownFileType = sourcecode.c.h; path = LoadingView.h; sourceTree = "<group>"; };
		E36E5B6A1CBF6A9D00572BFF /* LoadingView.m */ = {isa = PBXFileReference; fileEncoding = 4; lastKnownFileType = sourcecode.c.objc; path = LoadingView.m; sourceTree = "<group>"; };
		E379C5F61C2D1D5000F3BFAE /* libPods-ZP_Base.a */ = {isa = PBXFileReference; lastKnownFileType = archive.ar; name = "libPods-ZP_Base.a"; path = "/zhangpoor/个人/MyGit/MyExc/ZP_Base/Pods/../build/Debug-iphoneos/libPods-ZP_Base.a"; sourceTree = "<absolute>"; };
		E379C5F81C2D21EF00F3BFAE /* libZP_Base.a */ = {isa = PBXFileReference; lastKnownFileType = archive.ar; name = libZP_Base.a; path = "../build/Release-iphoneos/libZP_Base.a"; sourceTree = "<group>"; };
		E3B06EDA1C2D3A87002CDE9B /* libZP_Base.a */ = {isa = PBXFileReference; lastKnownFileType = archive.ar; name = libZP_Base.a; path = "../build/Release-iphoneos/libZP_Base.a"; sourceTree = "<group>"; };
		E3BE18681CD87D030093EBC9 /* Script.sh */ = {isa = PBXFileReference; fileEncoding = 4; lastKnownFileType = text.script.sh; path = Script.sh; sourceTree = "<group>"; };
		E3C254221C2A93BA0041530B /* Exc001.app */ = {isa = PBXFileReference; explicitFileType = wrapper.application; includeInIndex = 0; path = Exc001.app; sourceTree = BUILT_PRODUCTS_DIR; };
		E3C254261C2A93BA0041530B /* main.m */ = {isa = PBXFileReference; lastKnownFileType = sourcecode.c.objc; path = main.m; sourceTree = "<group>"; };
		E3C254281C2A93BA0041530B /* AppDelegate.h */ = {isa = PBXFileReference; lastKnownFileType = sourcecode.c.h; path = AppDelegate.h; sourceTree = "<group>"; };
		E3C254291C2A93BA0041530B /* AppDelegate.m */ = {isa = PBXFileReference; lastKnownFileType = sourcecode.c.objc; path = AppDelegate.m; sourceTree = "<group>"; };
		E3C2542B1C2A93BA0041530B /* ViewController.h */ = {isa = PBXFileReference; lastKnownFileType = sourcecode.c.h; path = ViewController.h; sourceTree = "<group>"; };
		E3C2542C1C2A93BA0041530B /* ViewController.m */ = {isa = PBXFileReference; lastKnownFileType = sourcecode.c.objc; path = ViewController.m; sourceTree = "<group>"; };
		E3C2542F1C2A93BA0041530B /* Base */ = {isa = PBXFileReference; lastKnownFileType = file.storyboard; name = Base; path = Base.lproj/Main.storyboard; sourceTree = "<group>"; };
		E3C254311C2A93BA0041530B /* Assets.xcassets */ = {isa = PBXFileReference; lastKnownFileType = folder.assetcatalog; path = Assets.xcassets; sourceTree = "<group>"; };
		E3C254341C2A93BA0041530B /* Base */ = {isa = PBXFileReference; lastKnownFileType = file.storyboard; name = Base; path = Base.lproj/LaunchScreen.storyboard; sourceTree = "<group>"; };
		E3C254361C2A93BA0041530B /* Info.plist */ = {isa = PBXFileReference; lastKnownFileType = text.plist.xml; path = Info.plist; sourceTree = "<group>"; };
/* End PBXFileReference section */

/* Begin PBXFrameworksBuildPhase section */
		E3C2541F1C2A93BA0041530B /* Frameworks */ = {
			isa = PBXFrameworksBuildPhase;
			buildActionMask = 2147483647;
			files = (
				E326C44B1C7D7AB40022CB11 /* CoreLocation.framework in Frameworks */,
				E3B06EDB1C2D3A87002CDE9B /* libZP_Base.a in Frameworks */,
				7EA2327519423293BB595EC4 /* libPods-Exc001.a in Frameworks */,
			);
			runOnlyForDeploymentPostprocessing = 0;
		};
/* End PBXFrameworksBuildPhase section */

/* Begin PBXGroup section */
		13253834128A7783B8F06A50 /* Frameworks */ = {
			isa = PBXGroup;
			children = (
				E326C44A1C7D7AB40022CB11 /* CoreLocation.framework */,
				E3B06EDA1C2D3A87002CDE9B /* libZP_Base.a */,
				E379C5F81C2D21EF00F3BFAE /* libZP_Base.a */,
				E379C5F61C2D1D5000F3BFAE /* libPods-ZP_Base.a */,
				25E7C723EF8861A452A68813 /* libPods-Exc001.a */,
			);
			name = Frameworks;
			sourceTree = "<group>";
		};
		E3C254191C2A93BA0041530B = {
			isa = PBXGroup;
			children = (
				E3C254241C2A93BA0041530B /* Exc001 */,
				E3C254231C2A93BA0041530B /* Products */,
				E5D417B8D820217E22DFF8F2 /* Pods */,
				13253834128A7783B8F06A50 /* Frameworks */,
			);
			sourceTree = "<group>";
		};
		E3C254231C2A93BA0041530B /* Products */ = {
			isa = PBXGroup;
			children = (
				E3C254221C2A93BA0041530B /* Exc001.app */,
			);
			name = Products;
			sourceTree = "<group>";
		};
		E3C254241C2A93BA0041530B /* Exc001 */ = {
			isa = PBXGroup;
			children = (
				E36E5B691CBF6A9D00572BFF /* LoadingView.h */,
				E36E5B6A1CBF6A9D00572BFF /* LoadingView.m */,
				E336B7B51C8D636D00C9DCCF /* abc */,
				E3C254281C2A93BA0041530B /* AppDelegate.h */,
				E3C254291C2A93BA0041530B /* AppDelegate.m */,
				E3C2542B1C2A93BA0041530B /* ViewController.h */,
				E3C2542C1C2A93BA0041530B /* ViewController.m */,
				E3C2542E1C2A93BA0041530B /* Main.storyboard */,
				E3C254311C2A93BA0041530B /* Assets.xcassets */,
				E3C254331C2A93BA0041530B /* LaunchScreen.storyboard */,
				E3C254361C2A93BA0041530B /* Info.plist */,
				E3C254251C2A93BA0041530B /* Supporting Files */,
				E336B7B71C8EE03600C9DCCF /* WebController.h */,
				E336B7B81C8EE03600C9DCCF /* WebController.m */,
				E362C3E41C9971E90032274B /* Controller001.h */,
				E362C3E51C9971E90032274B /* Controller001.m */,
				E3054D501CACBD1800A90576 /* MyPhotosController.h */,
				E3054D511CACBD1800A90576 /* MyPhotosController.m */,
				E3034A1D1CBE3F7100FEEF3D /* Controller002.h */,
				E3034A1E1CBE3F7100FEEF3D /* Controller002.m */,
				E3034A201CBE417900FEEF3D /* Vc002CollectionCell.h */,
				E3034A211CBE417900FEEF3D /* Vc002CollectionCell.m */,
				E3BE18681CD87D030093EBC9 /* Script.sh */,
				E366CE2C1CDC893D009220F1 /* RSAManager.h */,
				E366CE2D1CDC893D009220F1 /* RSAManager.m */,
			);
			path = Exc001;
			sourceTree = "<group>";
		};
		E3C254251C2A93BA0041530B /* Supporting Files */ = {
			isa = PBXGroup;
			children = (
				E3C254261C2A93BA0041530B /* main.m */,
				E34C76F11C4F8B9800CB6988 /* PrefixHeader.pch */,
			);
			name = "Supporting Files";
			sourceTree = "<group>";
		};
		E5D417B8D820217E22DFF8F2 /* Pods */ = {
			isa = PBXGroup;
			children = (
				05D7463F666C01112BCCA628 /* Pods-Exc001.debug.xcconfig */,
				47CB69231E6AA890030F1AAA /* Pods-Exc001.release.xcconfig */,
			);
			name = Pods;
			sourceTree = "<group>";
		};
/* End PBXGroup section */

/* Begin PBXNativeTarget section */
		E3C254211C2A93BA0041530B /* Exc001 */ = {
			isa = PBXNativeTarget;
			buildConfigurationList = E3C254391C2A93BA0041530B /* Build configuration list for PBXNativeTarget "Exc001" */;
			buildPhases = (
				FF4FC159B7DDD9F3090472B3 /* Check Pods Manifest.lock */,
				E3C2541E1C2A93BA0041530B /* Sources */,
				E3C2541F1C2A93BA0041530B /* Frameworks */,
				E3C254201C2A93BA0041530B /* Resources */,
				B5902C2D96C887D49695D4F6 /* Embed Pods Frameworks */,
				40BB24EC394695849C702133 /* Copy Pods Resources */,
			);
			buildRules = (
			);
			dependencies = (
			);
			name = Exc001;
			productName = Exc001;
			productReference = E3C254221C2A93BA0041530B /* Exc001.app */;
			productType = "com.apple.product-type.application";
		};
/* End PBXNativeTarget section */

/* Begin PBXProject section */
		E3C2541A1C2A93BA0041530B /* Project object */ = {
			isa = PBXProject;
			attributes = {
				LastUpgradeCheck = 0720;
				ORGANIZATIONNAME = zhangpoor;
				TargetAttributes = {
					E3C254211C2A93BA0041530B = {
						CreatedOnToolsVersion = 7.2;
					};
				};
			};
			buildConfigurationList = E3C2541D1C2A93BA0041530B /* Build configuration list for PBXProject "Exc001" */;
			compatibilityVersion = "Xcode 3.2";
			developmentRegion = English;
			hasScannedForEncodings = 0;
			knownRegions = (
				en,
				Base,
			);
			mainGroup = E3C254191C2A93BA0041530B;
			productRefGroup = E3C254231C2A93BA0041530B /* Products */;
			projectDirPath = "";
			projectRoot = "";
			targets = (
				E3C254211C2A93BA0041530B /* Exc001 */,
			);
		};
/* End PBXProject section */

/* Begin PBXResourcesBuildPhase section */
		E3C254201C2A93BA0041530B /* Resources */ = {
			isa = PBXResourcesBuildPhase;
			buildActionMask = 2147483647;
			files = (
				E3C254351C2A93BA0041530B /* LaunchScreen.storyboard in Resources */,
				E336B7B61C8D636D00C9DCCF /* abc in Resources */,
				E3C254321C2A93BA0041530B /* Assets.xcassets in Resources */,
				E3C254301C2A93BA0041530B /* Main.storyboard in Resources */,
				E3BE18691CD87D030093EBC9 /* Script.sh in Resources */,
			);
			runOnlyForDeploymentPostprocessing = 0;
		};
/* End PBXResourcesBuildPhase section */

/* Begin PBXShellScriptBuildPhase section */
		40BB24EC394695849C702133 /* Copy Pods Resources */ = {
			isa = PBXShellScriptBuildPhase;
			buildActionMask = 2147483647;
			files = (
			);
			inputPaths = (
			);
			name = "Copy Pods Resources";
			outputPaths = (
			);
			runOnlyForDeploymentPostprocessing = 0;
			shellPath = /bin/sh;
			shellScript = "\"${SRCROOT}/../Pods/Target Support Files/Pods-Exc001/Pods-Exc001-resources.sh\"\n";
			showEnvVarsInLog = 0;
		};
		B5902C2D96C887D49695D4F6 /* Embed Pods Frameworks */ = {
			isa = PBXShellScriptBuildPhase;
			buildActionMask = 2147483647;
			files = (
			);
			inputPaths = (
			);
			name = "Embed Pods Frameworks";
			outputPaths = (
			);
			runOnlyForDeploymentPostprocessing = 0;
			shellPath = /bin/sh;
			shellScript = "\"${SRCROOT}/../Pods/Target Support Files/Pods-Exc001/Pods-Exc001-frameworks.sh\"\n";
			showEnvVarsInLog = 0;
		};
		FF4FC159B7DDD9F3090472B3 /* Check Pods Manifest.lock */ = {
			isa = PBXShellScriptBuildPhase;
			buildActionMask = 2147483647;
			files = (
			);
			inputPaths = (
			);
			name = "Check Pods Manifest.lock";
			outputPaths = (
			);
			runOnlyForDeploymentPostprocessing = 0;
			shellPath = /bin/sh;
			shellScript = "diff \"${PODS_ROOT}/../Podfile.lock\" \"${PODS_ROOT}/Manifest.lock\" > /dev/null\nif [[ $? != 0 ]] ; then\n    cat << EOM\nerror: The sandbox is not in sync with the Podfile.lock. Run 'pod install' or update your CocoaPods installation.\nEOM\n    exit 1\nfi\n";
			showEnvVarsInLog = 0;
		};
/* End PBXShellScriptBuildPhase section */

/* Begin PBXSourcesBuildPhase section */
		E3C2541E1C2A93BA0041530B /* Sources */ = {
			isa = PBXSourcesBuildPhase;
			buildActionMask = 2147483647;
			files = (
				E366CE2E1CDC893D009220F1 /* RSAManager.m in Sources */,
				E3034A1F1CBE3F7100FEEF3D /* Controller002.m in Sources */,
				E336B7B91C8EE03600C9DCCF /* WebController.m in Sources */,
				E3C2542D1C2A93BA0041530B /* ViewController.m in Sources */,
				E362C3E61C9971E90032274B /* Controller001.m in Sources */,
				E3C2542A1C2A93BA0041530B /* AppDelegate.m in Sources */,
				E3034A221CBE417900FEEF3D /* Vc002CollectionCell.m in Sources */,
				E3054D521CACBD1800A90576 /* MyPhotosController.m in Sources */,
				E36E5B6B1CBF6A9D00572BFF /* LoadingView.m in Sources */,
				E3C254271C2A93BA0041530B /* main.m in Sources */,
			);
			runOnlyForDeploymentPostprocessing = 0;
		};
/* End PBXSourcesBuildPhase section */

/* Begin PBXVariantGroup section */
		E3C2542E1C2A93BA0041530B /* Main.storyboard */ = {
			isa = PBXVariantGroup;
			children = (
				E3C2542F1C2A93BA0041530B /* Base */,
			);
			name = Main.storyboard;
			sourceTree = "<group>";
		};
		E3C254331C2A93BA0041530B /* LaunchScreen.storyboard */ = {
			isa = PBXVariantGroup;
			children = (
				E3C254341C2A93BA0041530B /* Base */,
			);
			name = LaunchScreen.storyboard;
			sourceTree = "<group>";
		};
/* End PBXVariantGroup section */

/* Begin XCBuildConfiguration section */
		E3C254371C2A93BA0041530B /* Debug */ = {
			isa = XCBuildConfiguration;
			buildSettings = {
				ALWAYS_SEARCH_USER_PATHS = NO;
				CLANG_CXX_LANGUAGE_STANDARD = "gnu++0x";
				CLANG_CXX_LIBRARY = "libc++";
				CLANG_ENABLE_MODULES = YES;
				CLANG_ENABLE_OBJC_ARC = YES;
				CLANG_WARN_BOOL_CONVERSION = YES;
				CLANG_WARN_CONSTANT_CONVERSION = YES;
				CLANG_WARN_DIRECT_OBJC_ISA_USAGE = YES_ERROR;
				CLANG_WARN_EMPTY_BODY = YES;
				CLANG_WARN_ENUM_CONVERSION = YES;
				CLANG_WARN_INT_CONVERSION = YES;
				CLANG_WARN_OBJC_ROOT_CLASS = YES_ERROR;
				CLANG_WARN_UNREACHABLE_CODE = YES;
				CLANG_WARN__DUPLICATE_METHOD_MATCH = YES;
				"CODE_SIGN_IDENTITY[sdk=iphoneos*]" = "iPhone Developer";
				COPY_PHASE_STRIP = NO;
				DEBUG_INFORMATION_FORMAT = dwarf;
				ENABLE_STRICT_OBJC_MSGSEND = YES;
				ENABLE_TESTABILITY = YES;
				GCC_C_LANGUAGE_STANDARD = gnu99;
				GCC_DYNAMIC_NO_PIC = NO;
				GCC_NO_COMMON_BLOCKS = YES;
				GCC_OPTIMIZATION_LEVEL = 0;
				GCC_PREPROCESSOR_DEFINITIONS = (
					"DEBUG=1",
					"$(inherited)",
				);
				GCC_WARN_64_TO_32_BIT_CONVERSION = YES;
				GCC_WARN_ABOUT_RETURN_TYPE = YES_ERROR;
				GCC_WARN_UNDECLARED_SELECTOR = YES;
				GCC_WARN_UNINITIALIZED_AUTOS = YES_AGGRESSIVE;
				GCC_WARN_UNUSED_FUNCTION = YES;
				GCC_WARN_UNUSED_VARIABLE = YES;
				IPHONEOS_DEPLOYMENT_TARGET = 9.2;
				MTL_ENABLE_DEBUG_INFO = YES;
				ONLY_ACTIVE_ARCH = YES;
				SDKROOT = iphoneos;
			};
			name = Debug;
		};
		E3C254381C2A93BA0041530B /* Release */ = {
			isa = XCBuildConfiguration;
			buildSettings = {
				ALWAYS_SEARCH_USER_PATHS = NO;
				CLANG_CXX_LANGUAGE_STANDARD = "gnu++0x";
				CLANG_CXX_LIBRARY = "libc++";
				CLANG_ENABLE_MODULES = YES;
				CLANG_ENABLE_OBJC_ARC = YES;
				CLANG_WARN_BOOL_CONVERSION = YES;
				CLANG_WARN_CONSTANT_CONVERSION = YES;
				CLANG_WARN_DIRECT_OBJC_ISA_USAGE = YES_ERROR;
				CLANG_WARN_EMPTY_BODY = YES;
				CLANG_WARN_ENUM_CONVERSION = YES;
				CLANG_WARN_INT_CONVERSION = YES;
				CLANG_WARN_OBJC_ROOT_CLASS = YES_ERROR;
				CLANG_WARN_UNREACHABLE_CODE = YES;
				CLANG_WARN__DUPLICATE_METHOD_MATCH = YES;
				"CODE_SIGN_IDENTITY[sdk=iphoneos*]" = "iPhone Developer";
				COPY_PHASE_STRIP = NO;
				DEBUG_INFORMATION_FORMAT = "dwarf-with-dsym";
				ENABLE_NS_ASSERTIONS = NO;
				ENABLE_STRICT_OBJC_MSGSEND = YES;
				GCC_C_LANGUAGE_STANDARD = gnu99;
				GCC_NO_COMMON_BLOCKS = YES;
				GCC_WARN_64_TO_32_BIT_CONVERSION = YES;
				GCC_WARN_ABOUT_RETURN_TYPE = YES_ERROR;
				GCC_WARN_UNDECLARED_SELECTOR = YES;
				GCC_WARN_UNINITIALIZED_AUTOS = YES_AGGRESSIVE;
				GCC_WARN_UNUSED_FUNCTION = YES;
				GCC_WARN_UNUSED_VARIABLE = YES;
				IPHONEOS_DEPLOYMENT_TARGET = 9.2;
				MTL_ENABLE_DEBUG_INFO = NO;
				SDKROOT = iphoneos;
				VALIDATE_PRODUCT = YES;
			};
			name = Release;
		};
		E3C2543A1C2A93BA0041530B /* Debug */ = {
			isa = XCBuildConfiguration;
			baseConfigurationReference = 05D7463F666C01112BCCA628 /* Pods-Exc001.debug.xcconfig */;
			buildSettings = {
				ASSETCATALOG_COMPILER_APPICON_NAME = AppIcon;
				"CODE_SIGN_IDENTITY[sdk=iphoneos*]" = "";
				GCC_PRECOMPILE_PREFIX_HEADER = YES;
				GCC_PREFIX_HEADER = Exc001/PrefixHeader.pch;
				HEADER_SEARCH_PATHS = (
					"$(inherited)",
					"\"${PODS_ROOT}/Headers/Public\"",
					"\"${PODS_ROOT}/Headers/Public/AFNetworking\"",
					"\"../ZP_Base\"/**",
				);
				INFOPLIST_FILE = Exc001/Info.plist;
				IPHONEOS_DEPLOYMENT_TARGET = 8.0;
				LD_RUNPATH_SEARCH_PATHS = "$(inherited) @executable_path/Frameworks";
				PRODUCT_BUNDLE_IDENTIFIER = com.pingan.FinancialGuardPush;
				PRODUCT_NAME = "$(TARGET_NAME)";
				PROVISIONING_PROFILE = "0bd72fd7-a959-4972-a633-ee6b8dc55b3c";
			};
			name = Debug;
		};
		E3C2543B1C2A93BA0041530B /* Release */ = {
			isa = XCBuildConfiguration;
			baseConfigurationReference = 47CB69231E6AA890030F1AAA /* Pods-Exc001.release.xcconfig */;
			buildSettings = {
				ASSETCATALOG_COMPILER_APPICON_NAME = AppIcon;
				"CODE_SIGN_IDENTITY[sdk=iphoneos*]" = "";
				GCC_PRECOMPILE_PREFIX_HEADER = YES;
				GCC_PREFIX_HEADER = Exc001/PrefixHeader.pch;
				HEADER_SEARCH_PATHS = (
					"$(inherited)",
					"\"${PODS_ROOT}/Headers/Public\"",
					"\"${PODS_ROOT}/Headers/Public/AFNetworking\"",
					"\"../ZP_Base\"/**",
				);
				INFOPLIST_FILE = Exc001/Info.plist;
				IPHONEOS_DEPLOYMENT_TARGET = 8.0;
				LD_RUNPATH_SEARCH_PATHS = "$(inherited) @executable_path/Frameworks";
				PRODUCT_BUNDLE_IDENTIFIER = com.pingan.FinancialGuardPush;
				PRODUCT_NAME = "$(TARGET_NAME)";
				PROVISIONING_PROFILE = "0bd72fd7-a959-4972-a633-ee6b8dc55b3c";
			};
			name = Release;
		};
/* End XCBuildConfiguration section */

/* Begin XCConfigurationList section */
		E3C2541D1C2A93BA0041530B /* Build configuration list for PBXProject "Exc001" */ = {
			isa = XCConfigurationList;
			buildConfigurations = (
				E3C254371C2A93BA0041530B /* Debug */,
				E3C254381C2A93BA0041530B /* Release */,
			);
			defaultConfigurationIsVisible = 0;
			defaultConfigurationName = Release;
		};
		E3C254391C2A93BA0041530B /* Build configuration list for PBXNativeTarget "Exc001" */ = {
			isa = XCConfigurationList;
			buildConfigurations = (
				E3C2543A1C2A93BA0041530B /* Debug */,
				E3C2543B1C2A93BA0041530B /* Release */,
			);
			defaultConfigurationIsVisible = 0;
			defaultConfigurationName = Release;
		};
/* End XCConfigurationList section */
	};
	rootObject = E3C2541A1C2A93BA0041530B /* Project object */;
}
